
Microsoft Visual Studio Solution File, Format Version 12.00
# Visual Studio 15
VisualStudioVersion = 15.0.27703.2042
MinimumVisualStudioVersion = 10.0.40219.1
Project("{FAE04EC0-301F-11D3-BF4B-00C04F79EFBC}") = "AspNetMvcGitHubSample1", "AspNetMvcGitHubSample1\AspNetMvcGitHubSample1.csproj", "{D5E04083-E15A-4D5D-9A61-ECCB45D33B44}"
EndProject
Global
	GlobalSection(SolutionConfigurationPlatforms) = preSolution
		Debug|Any CPU = Debug|Any CPU
		Release|Any CPU = Release|Any CPU
	EndGlobalSection
	GlobalSection(ProjectConfigurationPlatforms) = postSolution
		{D5E04083-E15A-4D5D-9A61-ECCB45D33B44}.Debug|Any CPU.ActiveCfg = Debug|Any CPU
		{D5E04083-E15A-4D5D-9A61-ECCB45D33B44}.Debug|Any CPU.Build.0 = Debug|Any CPU
		{D5E04083-E15A-4D5D-9A61-ECCB45D33B44}.Release|Any CPU.ActiveCfg = Release|Any CPU
		{D5E04083-E15A-4D5D-9A61-ECCB45D33B44}.Release|Any CPU.Build.0 = Release|Any CPU
	EndGlobalSection
	GlobalSection(SolutionProperties) = preSolution
		HideSolutionNode = FALSE
	EndGlobalSection
	GlobalSection(ExtensibilityGlobals) = postSolution
		SolutionGuid = {94A2D30C-4EBC-454E-B5BD-8C4D7C15CC7A}
	EndGlobalSection
EndGlobal
